Microsoft Visual Studio Solution File, Format Version 12.00
# Visual Studio Version 17
VisualStudioVersion = 17.5.2.0
MinimumVisualStudioVersion = 10.0.40219.1
Project("{2150E333-8FDC-42A3-9474-1A3956D46DE8}") = "backend", "backend", "{1AE8ACA6-933B-BF2A-3671-3E2EAC007D16}"
EndProject
Project("{FAE04EC0-301F-11D3-BF4B-00C04F79EFBC}") = "api", "backend\api\api.csproj", "{A28F0853-CD93-D005-10F9-5F5C999F3E51}"
EndProject
Project("{2150E333-8FDC-42A3-9474-1A3956D46DE8}") = "api (1)", "api (1)", "{E2E1A592-C416-53F6-5CE9-E311C738D38A}"
EndProject
Project("{2150E333-8FDC-42A3-9474-1A3956D46DE8}") = "obj", "obj", "{4B044F7F-4E5C-E87D-DE03-734A16A993A5}"
EndProject
Project("{2150E333-8FDC-42A3-9474-1A3956D46DE8}") = "Debug", "Debug", "{9DF8CB2A-1F3D-5F8C-93B3-36580B7B190B}"
EndProject
Project("{2150E333-8FDC-42A3-9474-1A3956D46DE8}") = "net8.0", "net8.0", "{DA5FF18A-0504-92BC-7C3C-22F4E23E00CB}"
EndProject
Project("{FAE04EC0-301F-11D3-BF4B-00C04F79EFBC}") = "WorkerExtensions", "backend\api\obj\Debug\net8.0\WorkerExtensions\WorkerExtensions.csproj", "{DBA49A01-23ED-610F-E959-1621771A8C2A}"
EndProject
Project("{2150E333-8FDC-42A3-9474-1A3956D46DE8}") = "Release", "Release", "{F139F585-4C6E-BDA9-E3F2-41BCCDF7A323}"
EndProject
Project("{2150E333-8FDC-42A3-9474-1A3956D46DE8}") = "net8.0", "net8.0", "{DA3C1ADF-D351-A388-62E8-EB188265C0A0}"
EndProject
Project("{FAE04EC0-301F-11D3-BF4B-00C04F79EFBC}") = "WorkerExtensions", "backend\api\obj\Release\net8.0\WorkerExtensions\WorkerExtensions.csproj", "{43AA4AC0-9A7C-FB0E-BF0E-E881FA69CDCD}"
EndProject
Global
	GlobalSection(SolutionConfigurationPlatforms) = preSolution
		Debug|Any CPU = Debug|Any CPU
		Release|Any CPU = Release|Any CPU
	EndGlobalSection
	GlobalSection(ProjectConfigurationPlatforms) = postSolution
		{A28F0853-CD93-D005-10F9-5F5C999F3E51}.Debug|Any CPU.ActiveCfg = Debug|Any CPU
		{A28F0853-CD93-D005-10F9-5F5C999F3E51}.Debug|Any CPU.Build.0 = Debug|Any CPU
		{A28F0853-CD93-D005-10F9-5F5C999F3E51}.Release|Any CPU.ActiveCfg = Release|Any CPU
		{A28F0853-CD93-D005-10F9-5F5C999F3E51}.Release|Any CPU.Build.0 = Release|Any CPU
		{DBA49A01-23ED-610F-E959-1621771A8C2A}.Debug|Any CPU.ActiveCfg = Debug|Any CPU
		{DBA49A01-23ED-610F-E959-1621771A8C2A}.Debug|Any CPU.Build.0 = Debug|Any CPU
		{DBA49A01-23ED-610F-E959-1621771A8C2A}.Release|Any CPU.ActiveCfg = Release|Any CPU
		{DBA49A01-23ED-610F-E959-1621771A8C2A}.Release|Any CPU.Build.0 = Release|Any CPU
		{43AA4AC0-9A7C-FB0E-BF0E-E881FA69CDCD}.Debug|Any CPU.ActiveCfg = Debug|Any CPU
		{43AA4AC0-9A7C-FB0E-BF0E-E881FA69CDCD}.Debug|Any CPU.Build.0 = Debug|Any CPU
		{43AA4AC0-9A7C-FB0E-BF0E-E881FA69CDCD}.Release|Any CPU.ActiveCfg = Release|Any CPU
		{43AA4AC0-9A7C-FB0E-BF0E-E881FA69CDCD}.Release|Any CPU.Build.0 = Release|Any CPU
	EndGlobalSection
	GlobalSection(SolutionProperties) = preSolution
		HideSolutionNode = FALSE
	EndGlobalSection
	GlobalSection(NestedProjects) = preSolution
		{A28F0853-CD93-D005-10F9-5F5C999F3E51} = {1AE8ACA6-933B-BF2A-3671-3E2EAC007D16}
		{E2E1A592-C416-53F6-5CE9-E311C738D38A} = {1AE8ACA6-933B-BF2A-3671-3E2EAC007D16}
		{4B044F7F-4E5C-E87D-DE03-734A16A993A5} = {E2E1A592-C416-53F6-5CE9-E311C738D38A}
		{9DF8CB2A-1F3D-5F8C-93B3-36580B7B190B} = {4B044F7F-4E5C-E87D-DE03-734A16A993A5}
		{DA5FF18A-0504-92BC-7C3C-22F4E23E00CB} = {9DF8CB2A-1F3D-5F8C-93B3-36580B7B190B}
		{DBA49A01-23ED-610F-E959-1621771A8C2A} = {DA5FF18A-0504-92BC-7C3C-22F4E23E00CB}
		{F139F585-4C6E-BDA9-E3F2-41BCCDF7A323} = {4B044F7F-4E5C-E87D-DE03-734A16A993A5}
		{DA3C1ADF-D351-A388-62E8-EB188265C0A0} = {F139F585-4C6E-BDA9-E3F2-41BCCDF7A323}
		{43AA4AC0-9A7C-FB0E-BF0E-E881FA69CDCD} = {DA3C1ADF-D351-A388-62E8-EB188265C0A0}
	EndGlobalSection
	GlobalSection(ExtensibilityGlobals) = postSolution
		SolutionGuid = {3F3ECAAF-F844-4C13-8EDE-6DFD168D9E51}
	EndGlobalSection
EndGlobal
